<?xml version="1.0" encoding="utf-8"?>
<Project ToolsVersion="4.0" xmlns="http://schemas.microsoft.com/developer/msbuild/2003">
  <ItemGroup>
    <Filter Include="sys">
      <UniqueIdentifier>{cb16823b-d65b-412b-87b6-2be43aa9edce}</UniqueIdentifier>
    </Filter>
    <Filter Include="sys\term">
      <UniqueIdentifier>{bc972e92-b732-4f79-b8c9-c22dcbc20aeb}</UniqueIdentifier>
    </Filter>
    <Filter Include="color">
      <UniqueIdentifier>{07156087-6b76-4af9-a12d-85db69f4d98c}</UniqueIdentifier>
    </Filter>
    <Filter Include="color\basic resources &amp; utils">
      <UniqueIdentifier>{c9915dd3-a4a9-4d25-b974-2057fd535ab1}</UniqueIdentifier>
    </Filter>
    <Filter Include="color\color setters &amp; wrappers">
      <UniqueIdentifier>{9b3e9d81-00f0-40e0-a253-623ecbad2ad1}</UniqueIdentifier>
    </Filter>
    <Filter Include="color\format &amp; layer">
      <UniqueIdentifier>{4ec808cc-f400-4e77-8ea8-fe73ad4a4150}</UniqueIdentifier>
    </Filter>
    <Filter Include="color\file integration">
      <UniqueIdentifier>{021531f4-75af-4088-b7a1-56a45e89c190}</UniqueIdentifier>
    </Filter>
  </ItemGroup>
  <ItemGroup>
    <ClInclude Include="$(MSBuildThisFileDirectory)TermAPI.hpp">
      <Filter>sys\term</Filter>
    </ClInclude>
    <ClInclude Include="$(MSBuildThisFileDirectory)TermAPIWin.hpp">
      <Filter>sys\term</Filter>
    </ClInclude>
    <ClInclude Include="$(MSBuildThisFileDirectory)sysarch.h">
      <Filter>sys</Filter>
    </ClInclude>
    <ClInclude Include="$(MSBuildThisFileDirectory)TermAPIQuery.hpp">
      <Filter>sys\term</Filter>
    </ClInclude>
    <ClInclude Include="$(MSBuildThisFileDirectory)ControlEventHandler.hpp">
      <Filter>sys</Filter>
    </ClInclude>
    <ClInclude Include="$(MSBuildThisFileDirectory)FormatFlag.hpp">
      <Filter>color\format &amp; layer</Filter>
    </ClInclude>
    <ClInclude Include="$(MSBuildThisFileDirectory)format-functions.hpp">
      <Filter>color\format &amp; layer</Filter>
    </ClInclude>
    <ClInclude Include="$(MSBuildThisFileDirectory)ANSIDefs.h">
      <Filter>color\basic resources &amp; utils</Filter>
    </ClInclude>
    <ClInclude Include="$(MSBuildThisFileDirectory)color-values.h">
      <Filter>color\basic resources &amp; utils</Filter>
    </ClInclude>
    <ClInclude Include="$(MSBuildThisFileDirectory)ColorLib.hpp">
      <Filter>color\basic resources &amp; utils</Filter>
    </ClInclude>
    <ClInclude Include="$(MSBuildThisFileDirectory)ColorPalette.hpp">
      <Filter>color\color setters &amp; wrappers</Filter>
    </ClInclude>
    <ClInclude Include="$(MSBuildThisFileDirectory)setcolor.hpp">
      <Filter>color\color setters &amp; wrappers</Filter>
    </ClInclude>
    <ClInclude Include="$(MSBuildThisFileDirectory)setcolor-functions.hpp">
      <Filter>color\color setters &amp; wrappers</Filter>
    </ClInclude>
    <ClInclude Include="$(MSBuildThisFileDirectory)Layer.hpp">
      <Filter>color\format &amp; layer</Filter>
    </ClInclude>
    <ClInclude Include="$(MSBuildThisFileDirectory)Sequence.hpp">
      <Filter>sys\term</Filter>
    </ClInclude>
    <ClInclude Include="$(MSBuildThisFileDirectory)SequenceDefinitions.hpp">
      <Filter>sys\term</Filter>
    </ClInclude>
    <ClInclude Include="$(MSBuildThisFileDirectory)LineCharacter.hpp">
      <Filter>sys\term</Filter>
    </ClInclude>
    <ClInclude Include="$(MSBuildThisFileDirectory)colorfile.hpp">
      <Filter>color\file integration</Filter>
    </ClInclude>
    <ClInclude Include="$(MSBuildThisFileDirectory)Message.hpp">
      <Filter>sys\term</Filter>
    </ClInclude>
    <ClInclude Include="$(MSBuildThisFileDirectory)CursorOrigin.h">
      <Filter>sys\term</Filter>
    </ClInclude>
  </ItemGroup>
</Project>